
Microsoft Visual Studio Solution File, Format Version 12.00
# Visual Studio Version 16
VisualStudioVersion = 16.0.30907.101
MinimumVisualStudioVersion = 15.0.26124.0
Project("{9A19103F-16F7-4668-BE54-9A1E7A4F7556}") = "AccountInfoService", "AccountInfoService\AccountInfoService.csproj", "{F3E2B303-2D39-464F-A43D-2DB9DBB42279}"
EndProject
Project("{9A19103F-16F7-4668-BE54-9A1E7A4F7556}") = "AddressService", "AddressService\AddressService.csproj", "{666064C7-D295-4D31-843A-D3D8BD8103E6}"
EndProject
Project("{9A19103F-16F7-4668-BE54-9A1E7A4F7556}") = "AttendanceService", "AttendanceService\AttendanceService.csproj", "{FE63DD68-E7C6-4D0E-B875-96F8E07C1D4A}"
EndProject
Project("{9A19103F-16F7-4668-BE54-9A1E7A4F7556}") = "Gateway", "Gateway\Gateway.csproj", "{FACBD5B4-1C43-4804-8743-AAA96499872B}"
EndProject
Project("{9A19103F-16F7-4668-BE54-9A1E7A4F7556}") = "LibraryService", "LibraryService\LibraryService.csproj", "{EA69087D-65DE-4362-A5CA-1AB36F330C80}"
EndProject
Project("{9A19103F-16F7-4668-BE54-9A1E7A4F7556}") = "ResultService", "ResultService\ResultService.csproj", "{2561BC43-53F4-46FC-8AFC-B8602376BCD2}"
EndProject
Project("{E53339B2-1760-4266-BCC7-CA923CBCF16C}") = "docker-compose", "docker-compose.dcproj", "{8751B430-3E59-42BD-8C25-88833735EBDA}"
EndProject
Global
	GlobalSection(SolutionConfigurationPlatforms) = preSolution
		Debug|Any CPU = Debug|Any CPU
		Debug|x64 = Debug|x64
		Debug|x86 = Debug|x86
		Release|Any CPU = Release|Any CPU
		Release|x64 = Release|x64
		Release|x86 = Release|x86
	EndGlobalSection
	GlobalSection(ProjectConfigurationPlatforms) = postSolution
		{F3E2B303-2D39-464F-A43D-2DB9DBB42279}.Debug|Any CPU.ActiveCfg = Debug|Any CPU
		{F3E2B303-2D39-464F-A43D-2DB9DBB42279}.Debug|Any CPU.Build.0 = Debug|Any CPU
		{F3E2B303-2D39-464F-A43D-2DB9DBB42279}.Debug|x64.ActiveCfg = Debug|Any CPU
		{F3E2B303-2D39-464F-A43D-2DB9DBB42279}.Debug|x64.Build.0 = Debug|Any CPU
		{F3E2B303-2D39-464F-A43D-2DB9DBB42279}.Debug|x86.ActiveCfg = Debug|Any CPU
		{F3E2B303-2D39-464F-A43D-2DB9DBB42279}.Debug|x86.Build.0 = Debug|Any CPU
		{F3E2B303-2D39-464F-A43D-2DB9DBB42279}.Release|Any CPU.ActiveCfg = Release|Any CPU
		{F3E2B303-2D39-464F-A43D-2DB9DBB42279}.Release|Any CPU.Build.0 = Release|Any CPU
		{F3E2B303-2D39-464F-A43D-2DB9DBB42279}.Release|x64.ActiveCfg = Release|Any CPU
		{F3E2B303-2D39-464F-A43D-2DB9DBB42279}.Release|x64.Build.0 = Release|Any CPU
		{F3E2B303-2D39-464F-A43D-2DB9DBB42279}.Release|x86.ActiveCfg = Release|Any CPU
		{F3E2B303-2D39-464F-A43D-2DB9DBB42279}.Release|x86.Build.0 = Release|Any CPU
		{666064C7-D295-4D31-843A-D3D8BD8103E6}.Debug|Any CPU.ActiveCfg = Debug|Any CPU
		{666064C7-D295-4D31-843A-D3D8BD8103E6}.Debug|Any CPU.Build.0 = Debug|Any CPU
		{666064C7-D295-4D31-843A-D3D8BD8103E6}.Debug|x64.ActiveCfg = Debug|Any CPU
		{666064C7-D295-4D31-843A-D3D8BD8103E6}.Debug|x64.Build.0 = Debug|Any CPU
		{666064C7-D295-4D31-843A-D3D8BD8103E6}.Debug|x86.ActiveCfg = Debug|Any CPU
		{666064C7-D295-4D31-843A-D3D8BD8103E6}.Debug|x86.Build.0 = Debug|Any CPU
		{666064C7-D295-4D31-843A-D3D8BD8103E6}.Release|Any CPU.ActiveCfg = Release|Any CPU
		{666064C7-D295-4D31-843A-D3D8BD8103E6}.Release|Any CPU.Build.0 = Release|Any CPU
		{666064C7-D295-4D31-843A-D3D8BD8103E6}.Release|x64.ActiveCfg = Release|Any CPU
		{666064C7-D295-4D31-843A-D3D8BD8103E6}.Release|x64.Build.0 = Release|Any CPU
		{666064C7-D295-4D31-843A-D3D8BD8103E6}.Release|x86.ActiveCfg = Release|Any CPU
		{666064C7-D295-4D31-843A-D3D8BD8103E6}.Release|x86.Build.0 = Release|Any CPU
		{FE63DD68-E7C6-4D0E-B875-96F8E07C1D4A}.Debug|Any CPU.ActiveCfg = Debug|Any CPU
		{FE63DD68-E7C6-4D0E-B875-96F8E07C1D4A}.Debug|Any CPU.Build.0 = Debug|Any CPU
		{FE63DD68-E7C6-4D0E-B875-96F8E07C1D4A}.Debug|x64.ActiveCfg = Debug|Any CPU
		{FE63DD68-E7C6-4D0E-B875-96F8E07C1D4A}.Debug|x64.Build.0 = Debug|Any CPU
		{FE63DD68-E7C6-4D0E-B875-96F8E07C1D4A}.Debug|x86.ActiveCfg = Debug|Any CPU
		{FE63DD68-E7C6-4D0E-B875-96F8E07C1D4A}.Debug|x86.Build.0 = Debug|Any CPU
		{FE63DD68-E7C6-4D0E-B875-96F8E07C1D4A}.Release|Any CPU.ActiveCfg = Release|Any CPU
		{FE63DD68-E7C6-4D0E-B875-96F8E07C1D4A}.Release|Any CPU.Build.0 = Release|Any CPU
		{FE63DD68-E7C6-4D0E-B875-96F8E07C1D4A}.Release|x64.ActiveCfg = Release|Any CPU
		{FE63DD68-E7C6-4D0E-B875-96F8E07C1D4A}.Release|x64.Build.0 = Release|Any CPU
		{FE63DD68-E7C6-4D0E-B875-96F8E07C1D4A}.Release|x86.ActiveCfg = Release|Any CPU
		{FE63DD68-E7C6-4D0E-B875-96F8E07C1D4A}.Release|x86.Build.0 = Release|Any CPU
		{FACBD5B4-1C43-4804-8743-AAA96499872B}.Debug|Any CPU.ActiveCfg = Debug|Any CPU
		{FACBD5B4-1C43-4804-8743-AAA96499872B}.Debug|Any CPU.Build.0 = Debug|Any CPU
		{FACBD5B4-1C43-4804-8743-AAA96499872B}.Debug|x64.ActiveCfg = Debug|Any CPU
		{FACBD5B4-1C43-4804-8743-AAA96499872B}.Debug|x64.Build.0 = Debug|Any CPU
		{FACBD5B4-1C43-4804-8743-AAA96499872B}.Debug|x86.ActiveCfg = Debug|Any CPU
		{FACBD5B4-1C43-4804-8743-AAA96499872B}.Debug|x86.Build.0 = Debug|Any CPU
		{FACBD5B4-1C43-4804-8743-AAA96499872B}.Release|Any CPU.ActiveCfg = Release|Any CPU
		{FACBD5B4-1C43-4804-8743-AAA96499872B}.Release|Any CPU.Build.0 = Release|Any CPU
		{FACBD5B4-1C43-4804-8743-AAA96499872B}.Release|x64.ActiveCfg = Release|Any CPU
		{FACBD5B4-1C43-4804-8743-AAA96499872B}.Release|x64.Build.0 = Release|Any CPU
		{FACBD5B4-1C43-4804-8743-AAA96499872B}.Release|x86.ActiveCfg = Release|Any CPU
		{FACBD5B4-1C43-4804-8743-AAA96499872B}.Release|x86.Build.0 = Release|Any CPU
		{EA69087D-65DE-4362-A5CA-1AB36F330C80}.Debug|Any CPU.ActiveCfg = Debug|Any CPU
		{EA69087D-65DE-4362-A5CA-1AB36F330C80}.Debug|Any CPU.Build.0 = Debug|Any CPU
		{EA69087D-65DE-4362-A5CA-1AB36F330C80}.Debug|x64.ActiveCfg = Debug|Any CPU
		{EA69087D-65DE-4362-A5CA-1AB36F330C80}.Debug|x64.Build.0 = Debug|Any CPU
		{EA69087D-65DE-4362-A5CA-1AB36F330C80}.Debug|x86.ActiveCfg = Debug|Any CPU
		{EA69087D-65DE-4362-A5CA-1AB36F330C80}.Debug|x86.Build.0 = Debug|Any CPU
		{EA69087D-65DE-4362-A5CA-1AB36F330C80}.Release|Any CPU.ActiveCfg = Release|Any CPU
		{EA69087D-65DE-4362-A5CA-1AB36F330C80}.Release|Any CPU.Build.0 = Release|Any CPU
		{EA69087D-65DE-4362-A5CA-1AB36F330C80}.Release|x64.ActiveCfg = Release|Any CPU
		{EA69087D-65DE-4362-A5CA-1AB36F330C80}.Release|x64.Build.0 = Release|Any CPU
		{EA69087D-65DE-4362-A5CA-1AB36F330C80}.Release|x86.ActiveCfg = Release|Any CPU
		{EA69087D-65DE-4362-A5CA-1AB36F330C80}.Release|x86.Build.0 = Release|Any CPU
		{2561BC43-53F4-46FC-8AFC-B8602376BCD2}.Debug|Any CPU.ActiveCfg = Debug|Any CPU
		{2561BC43-53F4-46FC-8AFC-B8602376BCD2}.Debug|Any CPU.Build.0 = Debug|Any CPU
		{2561BC43-53F4-46FC-8AFC-B8602376BCD2}.Debug|x64.ActiveCfg = Debug|Any CPU
		{2561BC43-53F4-46FC-8AFC-B8602376BCD2}.Debug|x64.Build.0 = Debug|Any CPU
		{2561BC43-53F4-46FC-8AFC-B8602376BCD2}.Debug|x86.ActiveCfg = Debug|Any CPU
		{2561BC43-53F4-46FC-8AFC-B8602376BCD2}.Debug|x86.Build.0 = Debug|Any CPU
		{2561BC43-53F4-46FC-8AFC-B8602376BCD2}.Release|Any CPU.ActiveCfg = Release|Any CPU
		{2561BC43-53F4-46FC-8AFC-B8602376BCD2}.Release|Any CPU.Build.0 = Release|Any CPU
		{2561BC43-53F4-46FC-8AFC-B8602376BCD2}.Release|x64.ActiveCfg = Release|Any CPU
		{2561BC43-53F4-46FC-8AFC-B8602376BCD2}.Release|x64.Build.0 = Release|Any CPU
		{2561BC43-53F4-46FC-8AFC-B8602376BCD2}.Release|x86.ActiveCfg = Release|Any CPU
		{2561BC43-53F4-46FC-8AFC-B8602376BCD2}.Release|x86.Build.0 = Release|Any CPU
		{8751B430-3E59-42BD-8C25-88833735EBDA}.Debug|Any CPU.ActiveCfg = Debug|Any CPU
		{8751B430-3E59-42BD-8C25-88833735EBDA}.Debug|Any CPU.Build.0 = Debug|Any CPU
		{8751B430-3E59-42BD-8C25-88833735EBDA}.Debug|x64.ActiveCfg = Debug|Any CPU
		{8751B430-3E59-42BD-8C25-88833735EBDA}.Debug|x64.Build.0 = Debug|Any CPU
		{8751B430-3E59-42BD-8C25-88833735EBDA}.Debug|x86.ActiveCfg = Debug|Any CPU
		{8751B430-3E59-42BD-8C25-88833735EBDA}.Debug|x86.Build.0 = Debug|Any CPU
		{8751B430-3E59-42BD-8C25-88833735EBDA}.Release|Any CPU.ActiveCfg = Release|Any CPU
		{8751B430-3E59-42BD-8C25-88833735EBDA}.Release|Any CPU.Build.0 = Release|Any CPU
		{8751B430-3E59-42BD-8C25-88833735EBDA}.Release|x64.ActiveCfg = Release|Any CPU
		{8751B430-3E59-42BD-8C25-88833735EBDA}.Release|x64.Build.0 = Release|Any CPU
		{8751B430-3E59-42BD-8C25-88833735EBDA}.Release|x86.ActiveCfg = Release|Any CPU
		{8751B430-3E59-42BD-8C25-88833735EBDA}.Release|x86.Build.0 = Release|Any CPU
	EndGlobalSection
	GlobalSection(SolutionProperties) = preSolution
		HideSolutionNode = FALSE
	EndGlobalSection
	GlobalSection(ExtensibilityGlobals) = postSolution
		SolutionGuid = {65863723-D45E-41E7-8582-B63DA51613F4}
	EndGlobalSection
EndGlobal
